
Microsoft Visual Studio Solution File, Format Version 12.00
# Visual Studio 15
VisualStudioVersion = 15.0.27004.2009
MinimumVisualStudioVersion = 10.0.40219.1
Project("{FAE04EC0-301F-11D3-BF4B-00C04F79EFBC}") = "DemoXamarinSorocaba.Android", "DemoXamarinSorocaba\DemoXamarinSorocaba.Android\DemoXamarinSorocaba.Android.csproj", "{871E41D8-F652-4D92-9493-CD16EE65CE47}"
EndProject
Project("{FAE04EC0-301F-11D3-BF4B-00C04F79EFBC}") = "DemoXamarinSorocaba", "DemoXamarinSorocaba\DemoXamarinSorocaba\DemoXamarinSorocaba.csproj", "{D16E3679-997C-41EA-844C-F2B31DA819A8}"
EndProject
Project("{FAE04EC0-301F-11D3-BF4B-00C04F79EFBC}") = "DemoXamarinSorocaba.UWP", "DemoXamarinSorocaba\DemoXamarinSorocaba.UWP\DemoXamarinSorocaba.UWP.csproj", "{343A0D05-805F-4395-AA71-E97EFC9CCBB9}"
EndProject
Project("{FAE04EC0-301F-11D3-BF4B-00C04F79EFBC}") = "DemoXamarinSorocaba.iOS", "DemoXamarinSorocaba\DemoXamarinSorocaba.iOS\DemoXamarinSorocaba.iOS.csproj", "{AD982C09-51BF-41D4-AF97-56D8F0C4ECCF}"
EndProject
Global
	GlobalSection(SolutionConfigurationPlatforms) = preSolution
		Ad-Hoc|Any CPU = Ad-Hoc|Any CPU
		Ad-Hoc|ARM = Ad-Hoc|ARM
		Ad-Hoc|iPhone = Ad-Hoc|iPhone
		Ad-Hoc|iPhoneSimulator = Ad-Hoc|iPhoneSimulator
		Ad-Hoc|x64 = Ad-Hoc|x64
		Ad-Hoc|x86 = Ad-Hoc|x86
		AppStore|Any CPU = AppStore|Any CPU
		AppStore|ARM = AppStore|ARM
		AppStore|iPhone = AppStore|iPhone
		AppStore|iPhoneSimulator = AppStore|iPhoneSimulator
		AppStore|x64 = AppStore|x64
		AppStore|x86 = AppStore|x86
		Debug|Any CPU = Debug|Any CPU
		Debug|ARM = Debug|ARM
		Debug|iPhone = Debug|iPhone
		Debug|iPhoneSimulator = Debug|iPhoneSimulator
		Debug|x64 = Debug|x64
		Debug|x86 = Debug|x86
		Release|Any CPU = Release|Any CPU
		Release|ARM = Release|ARM
		Release|iPhone = Release|iPhone
		Release|iPhoneSimulator = Release|iPhoneSimulator
		Release|x64 = Release|x64
		Release|x86 = Release|x86
	EndGlobalSection
	GlobalSection(ProjectConfigurationPlatforms) = postSolution
		{871E41D8-F652-4D92-9493-CD16EE65CE47}.Ad-Hoc|Any CPU.ActiveCfg = Release|Any CPU
		{871E41D8-F652-4D92-9493-CD16EE65CE47}.Ad-Hoc|Any CPU.Build.0 = Release|Any CPU
		{871E41D8-F652-4D92-9493-CD16EE65CE47}.Ad-Hoc|Any CPU.Deploy.0 = Release|Any CPU
		{871E41D8-F652-4D92-9493-CD16EE65CE47}.Ad-Hoc|ARM.ActiveCfg = Release|Any CPU
		{871E41D8-F652-4D92-9493-CD16EE65CE47}.Ad-Hoc|ARM.Build.0 = Release|Any CPU
		{871E41D8-F652-4D92-9493-CD16EE65CE47}.Ad-Hoc|ARM.Deploy.0 = Release|Any CPU
		{871E41D8-F652-4D92-9493-CD16EE65CE47}.Ad-Hoc|iPhone.ActiveCfg = Release|Any CPU
		{871E41D8-F652-4D92-9493-CD16EE65CE47}.Ad-Hoc|iPhone.Build.0 = Release|Any CPU
		{871E41D8-F652-4D92-9493-CD16EE65CE47}.Ad-Hoc|iPhone.Deploy.0 = Release|Any CPU
		{871E41D8-F652-4D92-9493-CD16EE65CE47}.Ad-Hoc|iPhoneSimulator.ActiveCfg = Release|Any CPU
		{871E41D8-F652-4D92-9493-CD16EE65CE47}.Ad-Hoc|iPhoneSimulator.Build.0 = Release|Any CPU
		{871E41D8-F652-4D92-9493-CD16EE65CE47}.Ad-Hoc|iPhoneSimulator.Deploy.0 = Release|Any CPU
		{871E41D8-F652-4D92-9493-CD16EE65CE47}.Ad-Hoc|x64.ActiveCfg = Release|Any CPU
		{871E41D8-F652-4D92-9493-CD16EE65CE47}.Ad-Hoc|x64.Build.0 = Release|Any CPU
		{871E41D8-F652-4D92-9493-CD16EE65CE47}.Ad-Hoc|x64.Deploy.0 = Release|Any CPU
		{871E41D8-F652-4D92-9493-CD16EE65CE47}.Ad-Hoc|x86.ActiveCfg = Release|Any CPU
		{871E41D8-F652-4D92-9493-CD16EE65CE47}.Ad-Hoc|x86.Build.0 = Release|Any CPU
		{871E41D8-F652-4D92-9493-CD16EE65CE47}.Ad-Hoc|x86.Deploy.0 = Release|Any CPU
		{871E41D8-F652-4D92-9493-CD16EE65CE47}.AppStore|Any CPU.ActiveCfg = Release|Any CPU
		{871E41D8-F652-4D92-9493-CD16EE65CE47}.AppStore|Any CPU.Build.0 = Release|Any CPU
		{871E41D8-F652-4D92-9493-CD16EE65CE47}.AppStore|Any CPU.Deploy.0 = Release|Any CPU
		{871E41D8-F652-4D92-9493-CD16EE65CE47}.AppStore|ARM.ActiveCfg = Release|Any CPU
		{871E41D8-F652-4D92-9493-CD16EE65CE47}.AppStore|ARM.Build.0 = Release|Any CPU
		{871E41D8-F652-4D92-9493-CD16EE65CE47}.AppStore|ARM.Deploy.0 = Release|Any CPU
		{871E41D8-F652-4D92-9493-CD16EE65CE47}.AppStore|iPhone.ActiveCfg = Release|Any CPU
		{871E41D8-F652-4D92-9493-CD16EE65CE47}.AppStore|iPhone.Build.0 = Release|Any CPU
		{871E41D8-F652-4D92-9493-CD16EE65CE47}.AppStore|iPhone.Deploy.0 = Release|Any CPU
		{871E41D8-F652-4D92-9493-CD16EE65CE47}.AppStore|iPhoneSimulator.ActiveCfg = Release|Any CPU
		{871E41D8-F652-4D92-9493-CD16EE65CE47}.AppStore|iPhoneSimulator.Build.0 = Release|Any CPU
		{871E41D8-F652-4D92-9493-CD16EE65CE47}.AppStore|iPhoneSimulator.Deploy.0 = Release|Any CPU
		{871E41D8-F652-4D92-9493-CD16EE65CE47}.AppStore|x64.ActiveCfg = Release|Any CPU
		{871E41D8-F652-4D92-9493-CD16EE65CE47}.AppStore|x64.Build.0 = Release|Any CPU
		{871E41D8-F652-4D92-9493-CD16EE65CE47}.AppStore|x64.Deploy.0 = Release|Any CPU
		{871E41D8-F652-4D92-9493-CD16EE65CE47}.AppStore|x86.ActiveCfg = Release|Any CPU
		{871E41D8-F652-4D92-9493-CD16EE65CE47}.AppStore|x86.Build.0 = Release|Any CPU
		{871E41D8-F652-4D92-9493-CD16EE65CE47}.AppStore|x86.Deploy.0 = Release|Any CPU
		{871E41D8-F652-4D92-9493-CD16EE65CE47}.Debug|Any CPU.ActiveCfg = Debug|Any CPU
		{871E41D8-F652-4D92-9493-CD16EE65CE47}.Debug|Any CPU.Build.0 = Debug|Any CPU
		{871E41D8-F652-4D92-9493-CD16EE65CE47}.Debug|Any CPU.Deploy.0 = Debug|Any CPU
		{871E41D8-F652-4D92-9493-CD16EE65CE47}.Debug|ARM.ActiveCfg = Debug|Any CPU
		{871E41D8-F652-4D92-9493-CD16EE65CE47}.Debug|ARM.Build.0 = Debug|Any CPU
		{871E41D8-F652-4D92-9493-CD16EE65CE47}.Debug|ARM.Deploy.0 = Debug|Any CPU
		{871E41D8-F652-4D92-9493-CD16EE65CE47}.Debug|iPhone.ActiveCfg = Debug|Any CPU
		{871E41D8-F652-4D92-9493-CD16EE65CE47}.Debug|iPhone.Build.0 = Debug|Any CPU
		{871E41D8-F652-4D92-9493-CD16EE65CE47}.Debug|iPhone.Deploy.0 = Debug|Any CPU
		{871E41D8-F652-4D92-9493-CD16EE65CE47}.Debug|iPhoneSimulator.ActiveCfg = Debug|Any CPU
		{871E41D8-F652-4D92-9493-CD16EE65CE47}.Debug|iPhoneSimulator.Build.0 = Debug|Any CPU
		{871E41D8-F652-4D92-9493-CD16EE65CE47}.Debug|iPhoneSimulator.Deploy.0 = Debug|Any CPU
		{871E41D8-F652-4D92-9493-CD16EE65CE47}.Debug|x64.ActiveCfg = Debug|Any CPU
		{871E41D8-F652-4D92-9493-CD16EE65CE47}.Debug|x64.Build.0 = Debug|Any CPU
		{871E41D8-F652-4D92-9493-CD16EE65CE47}.Debug|x64.Deploy.0 = Debug|Any CPU
		{871E41D8-F652-4D92-9493-CD16EE65CE47}.Debug|x86.ActiveCfg = Debug|Any CPU
		{871E41D8-F652-4D92-9493-CD16EE65CE47}.Debug|x86.Build.0 = Debug|Any CPU
		{871E41D8-F652-4D92-9493-CD16EE65CE47}.Debug|x86.Deploy.0 = Debug|Any CPU
		{871E41D8-F652-4D92-9493-CD16EE65CE47}.Release|Any CPU.ActiveCfg = Release|Any CPU
		{871E41D8-F652-4D92-9493-CD16EE65CE47}.Release|Any CPU.Build.0 = Release|Any CPU
		{871E41D8-F652-4D92-9493-CD16EE65CE47}.Release|Any CPU.Deploy.0 = Release|Any CPU
		{871E41D8-F652-4D92-9493-CD16EE65CE47}.Release|ARM.ActiveCfg = Release|Any CPU
		{871E41D8-F652-4D92-9493-CD16EE65CE47}.Release|ARM.Build.0 = Release|Any CPU
		{871E41D8-F652-4D92-9493-CD16EE65CE47}.Release|ARM.Deploy.0 = Release|Any CPU
		{871E41D8-F652-4D92-9493-CD16EE65CE47}.Release|iPhone.ActiveCfg = Release|Any CPU
		{871E41D8-F652-4D92-9493-CD16EE65CE47}.Release|iPhone.Build.0 = Release|Any CPU
		{871E41D8-F652-4D92-9493-CD16EE65CE47}.Release|iPhone.Deploy.0 = Release|Any CPU
		{871E41D8-F652-4D92-9493-CD16EE65CE47}.Release|iPhoneSimulator.ActiveCfg = Release|Any CPU
		{871E41D8-F652-4D92-9493-CD16EE65CE47}.Release|iPhoneSimulator.Build.0 = Release|Any CPU
		{871E41D8-F652-4D92-9493-CD16EE65CE47}.Release|iPhoneSimulator.Deploy.0 = Release|Any CPU
		{871E41D8-F652-4D92-9493-CD16EE65CE47}.Release|x64.ActiveCfg = Release|Any CPU
		{871E41D8-F652-4D92-9493-CD16EE65CE47}.Release|x64.Build.0 = Release|Any CPU
		{871E41D8-F652-4D92-9493-CD16EE65CE47}.Release|x64.Deploy.0 = Release|Any CPU
		{871E41D8-F652-4D92-9493-CD16EE65CE47}.Release|x86.ActiveCfg = Release|Any CPU
		{871E41D8-F652-4D92-9493-CD16EE65CE47}.Release|x86.Build.0 = Release|Any CPU
		{871E41D8-F652-4D92-9493-CD16EE65CE47}.Release|x86.Deploy.0 = Release|Any CPU
		{D16E3679-997C-41EA-844C-F2B31DA819A8}.Ad-Hoc|Any CPU.ActiveCfg = Release|Any CPU
		{D16E3679-997C-41EA-844C-F2B31DA819A8}.Ad-Hoc|Any CPU.Build.0 = Release|Any CPU
		{D16E3679-997C-41EA-844C-F2B31DA819A8}.Ad-Hoc|ARM.ActiveCfg = Release|Any CPU
		{D16E3679-997C-41EA-844C-F2B31DA819A8}.Ad-Hoc|ARM.Build.0 = Release|Any CPU
		{D16E3679-997C-41EA-844C-F2B31DA819A8}.Ad-Hoc|iPhone.ActiveCfg = Release|Any CPU
		{D16E3679-997C-41EA-844C-F2B31DA819A8}.Ad-Hoc|iPhone.Build.0 = Release|Any CPU
		{D16E3679-997C-41EA-844C-F2B31DA819A8}.Ad-Hoc|iPhoneSimulator.ActiveCfg = Release|Any CPU
		{D16E3679-997C-41EA-844C-F2B31DA819A8}.Ad-Hoc|iPhoneSimulator.Build.0 = Release|Any CPU
		{D16E3679-997C-41EA-844C-F2B31DA819A8}.Ad-Hoc|x64.ActiveCfg = Release|Any CPU
		{D16E3679-997C-41EA-844C-F2B31DA819A8}.Ad-Hoc|x64.Build.0 = Release|Any CPU
		{D16E3679-997C-41EA-844C-F2B31DA819A8}.Ad-Hoc|x86.ActiveCfg = Release|Any CPU
		{D16E3679-997C-41EA-844C-F2B31DA819A8}.Ad-Hoc|x86.Build.0 = Release|Any CPU
		{D16E3679-997C-41EA-844C-F2B31DA819A8}.AppStore|Any CPU.ActiveCfg = Release|Any CPU
		{D16E3679-997C-41EA-844C-F2B31DA819A8}.AppStore|Any CPU.Build.0 = Release|Any CPU
		{D16E3679-997C-41EA-844C-F2B31DA819A8}.AppStore|ARM.ActiveCfg = Release|Any CPU
		{D16E3679-997C-41EA-844C-F2B31DA819A8}.AppStore|ARM.Build.0 = Release|Any CPU
		{D16E3679-997C-41EA-844C-F2B31DA819A8}.AppStore|iPhone.ActiveCfg = Release|Any CPU
		{D16E3679-997C-41EA-844C-F2B31DA819A8}.AppStore|iPhone.Build.0 = Release|Any CPU
		{D16E3679-997C-41EA-844C-F2B31DA819A8}.AppStore|iPhoneSimulator.ActiveCfg = Release|Any CPU
		{D16E3679-997C-41EA-844C-F2B31DA819A8}.AppStore|iPhoneSimulator.Build.0 = Release|Any CPU
		{D16E3679-997C-41EA-844C-F2B31DA819A8}.AppStore|x64.ActiveCfg = Release|Any CPU
		{D16E3679-997C-41EA-844C-F2B31DA819A8}.AppStore|x64.Build.0 = Release|Any CPU
		{D16E3679-997C-41EA-844C-F2B31DA819A8}.AppStore|x86.ActiveCfg = Release|Any CPU
		{D16E3679-997C-41EA-844C-F2B31DA819A8}.AppStore|x86.Build.0 = Release|Any CPU
		{D16E3679-997C-41EA-844C-F2B31DA819A8}.Debug|Any CPU.ActiveCfg = Debug|Any CPU
		{D16E3679-997C-41EA-844C-F2B31DA819A8}.Debug|Any CPU.Build.0 = Debug|Any CPU
		{D16E3679-997C-41EA-844C-F2B31DA819A8}.Debug|ARM.ActiveCfg = Debug|Any CPU
		{D16E3679-997C-41EA-844C-F2B31DA819A8}.Debug|ARM.Build.0 = Debug|Any CPU
		{D16E3679-997C-41EA-844C-F2B31DA819A8}.Debug|iPhone.ActiveCfg = Debug|Any CPU
		{D16E3679-997C-41EA-844C-F2B31DA819A8}.Debug|iPhone.Build.0 = Debug|Any CPU
		{D16E3679-997C-41EA-844C-F2B31DA819A8}.Debug|iPhoneSimulator.ActiveCfg = Debug|Any CPU
		{D16E3679-997C-41EA-844C-F2B31DA819A8}.Debug|iPhoneSimulator.Build.0 = Debug|Any CPU
		{D16E3679-997C-41EA-844C-F2B31DA819A8}.Debug|x64.ActiveCfg = Debug|Any CPU
		{D16E3679-997C-41EA-844C-F2B31DA819A8}.Debug|x64.Build.0 = Debug|Any CPU
		{D16E3679-997C-41EA-844C-F2B31DA819A8}.Debug|x86.ActiveCfg = Debug|Any CPU
		{D16E3679-997C-41EA-844C-F2B31DA819A8}.Debug|x86.Build.0 = Debug|Any CPU
		{D16E3679-997C-41EA-844C-F2B31DA819A8}.Release|Any CPU.ActiveCfg = Release|Any CPU
		{D16E3679-997C-41EA-844C-F2B31DA819A8}.Release|Any CPU.Build.0 = Release|Any CPU
		{D16E3679-997C-41EA-844C-F2B31DA819A8}.Release|ARM.ActiveCfg = Release|Any CPU
		{D16E3679-997C-41EA-844C-F2B31DA819A8}.Release|ARM.Build.0 = Release|Any CPU
		{D16E3679-997C-41EA-844C-F2B31DA819A8}.Release|iPhone.ActiveCfg = Release|Any CPU
		{D16E3679-997C-41EA-844C-F2B31DA819A8}.Release|iPhone.Build.0 = Release|Any CPU
		{D16E3679-997C-41EA-844C-F2B31DA819A8}.Release|iPhoneSimulator.ActiveCfg = Release|Any CPU
		{D16E3679-997C-41EA-844C-F2B31DA819A8}.Release|iPhoneSimulator.Build.0 = Release|Any CPU
		{D16E3679-997C-41EA-844C-F2B31DA819A8}.Release|x64.ActiveCfg = Release|Any CPU
		{D16E3679-997C-41EA-844C-F2B31DA819A8}.Release|x64.Build.0 = Release|Any CPU
		{D16E3679-997C-41EA-844C-F2B31DA819A8}.Release|x86.ActiveCfg = Release|Any CPU
		{D16E3679-997C-41EA-844C-F2B31DA819A8}.Release|x86.Build.0 = Release|Any CPU
		{343A0D05-805F-4395-AA71-E97EFC9CCBB9}.Ad-Hoc|Any CPU.ActiveCfg = Release|x86
		{343A0D05-805F-4395-AA71-E97EFC9CCBB9}.Ad-Hoc|Any CPU.Build.0 = Release|x86
		{343A0D05-805F-4395-AA71-E97EFC9CCBB9}.Ad-Hoc|Any CPU.Deploy.0 = Release|x86
		{343A0D05-805F-4395-AA71-E97EFC9CCBB9}.Ad-Hoc|ARM.ActiveCfg = Release|ARM
		{343A0D05-805F-4395-AA71-E97EFC9CCBB9}.Ad-Hoc|ARM.Build.0 = Release|ARM
		{343A0D05-805F-4395-AA71-E97EFC9CCBB9}.Ad-Hoc|ARM.Deploy.0 = Release|ARM
		{343A0D05-805F-4395-AA71-E97EFC9CCBB9}.Ad-Hoc|iPhone.ActiveCfg = Release|x86
		{343A0D05-805F-4395-AA71-E97EFC9CCBB9}.Ad-Hoc|iPhone.Build.0 = Release|x86
		{343A0D05-805F-4395-AA71-E97EFC9CCBB9}.Ad-Hoc|iPhone.Deploy.0 = Release|x86
		{343A0D05-805F-4395-AA71-E97EFC9CCBB9}.Ad-Hoc|iPhoneSimulator.ActiveCfg = Release|x86
		{343A0D05-805F-4395-AA71-E97EFC9CCBB9}.Ad-Hoc|iPhoneSimulator.Build.0 = Release|x86
		{343A0D05-805F-4395-AA71-E97EFC9CCBB9}.Ad-Hoc|iPhoneSimulator.Deploy.0 = Release|x86
		{343A0D05-805F-4395-AA71-E97EFC9CCBB9}.Ad-Hoc|x64.ActiveCfg = Release|x64
		{343A0D05-805F-4395-AA71-E97EFC9CCBB9}.Ad-Hoc|x64.Build.0 = Release|x64
		{343A0D05-805F-4395-AA71-E97EFC9CCBB9}.Ad-Hoc|x64.Deploy.0 = Release|x64
		{343A0D05-805F-4395-AA71-E97EFC9CCBB9}.Ad-Hoc|x86.ActiveCfg = Release|x86
		{343A0D05-805F-4395-AA71-E97EFC9CCBB9}.Ad-Hoc|x86.Build.0 = Release|x86
		{343A0D05-805F-4395-AA71-E97EFC9CCBB9}.Ad-Hoc|x86.Deploy.0 = Release|x86
		{343A0D05-805F-4395-AA71-E97EFC9CCBB9}.AppStore|Any CPU.ActiveCfg = Release|x86
		{343A0D05-805F-4395-AA71-E97EFC9CCBB9}.AppStore|Any CPU.Build.0 = Release|x86
		{343A0D05-805F-4395-AA71-E97EFC9CCBB9}.AppStore|Any CPU.Deploy.0 = Release|x86
		{343A0D05-805F-4395-AA71-E97EFC9CCBB9}.AppStore|ARM.ActiveCfg = Release|ARM
		{343A0D05-805F-4395-AA71-E97EFC9CCBB9}.AppStore|ARM.Build.0 = Release|ARM
		{343A0D05-805F-4395-AA71-E97EFC9CCBB9}.AppStore|ARM.Deploy.0 = Release|ARM
		{343A0D05-805F-4395-AA71-E97EFC9CCBB9}.AppStore|iPhone.ActiveCfg = Release|x86
		{343A0D05-805F-4395-AA71-E97EFC9CCBB9}.AppStore|iPhone.Build.0 = Release|x86
		{343A0D05-805F-4395-AA71-E97EFC9CCBB9}.AppStore|iPhone.Deploy.0 = Release|x86
		{343A0D05-805F-4395-AA71-E97EFC9CCBB9}.AppStore|iPhoneSimulator.ActiveCfg = Release|x86
		{343A0D05-805F-4395-AA71-E97EFC9CCBB9}.AppStore|iPhoneSimulator.Build.0 = Release|x86
		{343A0D05-805F-4395-AA71-E97EFC9CCBB9}.AppStore|iPhoneSimulator.Deploy.0 = Release|x86
		{343A0D05-805F-4395-AA71-E97EFC9CCBB9}.AppStore|x64.ActiveCfg = Release|x64
		{343A0D05-805F-4395-AA71-E97EFC9CCBB9}.AppStore|x64.Build.0 = Release|x64
		{343A0D05-805F-4395-AA71-E97EFC9CCBB9}.AppStore|x64.Deploy.0 = Release|x64
		{343A0D05-805F-4395-AA71-E97EFC9CCBB9}.AppStore|x86.ActiveCfg = Release|x86
		{343A0D05-805F-4395-AA71-E97EFC9CCBB9}.AppStore|x86.Build.0 = Release|x86
		{343A0D05-805F-4395-AA71-E97EFC9CCBB9}.AppStore|x86.Deploy.0 = Release|x86
		{343A0D05-805F-4395-AA71-E97EFC9CCBB9}.Debug|Any CPU.ActiveCfg = Debug|x86
		{343A0D05-805F-4395-AA71-E97EFC9CCBB9}.Debug|ARM.ActiveCfg = Debug|ARM
		{343A0D05-805F-4395-AA71-E97EFC9CCBB9}.Debug|ARM.Build.0 = Debug|ARM
		{343A0D05-805F-4395-AA71-E97EFC9CCBB9}.Debug|ARM.Deploy.0 = Debug|ARM
		{343A0D05-805F-4395-AA71-E97EFC9CCBB9}.Debug|iPhone.ActiveCfg = Debug|x86
		{343A0D05-805F-4395-AA71-E97EFC9CCBB9}.Debug|iPhoneSimulator.ActiveCfg = Debug|x86
		{343A0D05-805F-4395-AA71-E97EFC9CCBB9}.Debug|x64.ActiveCfg = Debug|x64
		{343A0D05-805F-4395-AA71-E97EFC9CCBB9}.Debug|x64.Build.0 = Debug|x64
		{343A0D05-805F-4395-AA71-E97EFC9CCBB9}.Debug|x64.Deploy.0 = Debug|x64
		{343A0D05-805F-4395-AA71-E97EFC9CCBB9}.Debug|x86.ActiveCfg = Debug|x86
		{343A0D05-805F-4395-AA71-E97EFC9CCBB9}.Debug|x86.Build.0 = Debug|x86
		{343A0D05-805F-4395-AA71-E97EFC9CCBB9}.Debug|x86.Deploy.0 = Debug|x86
		{343A0D05-805F-4395-AA71-E97EFC9CCBB9}.Release|Any CPU.ActiveCfg = Release|x86
		{343A0D05-805F-4395-AA71-E97EFC9CCBB9}.Release|ARM.ActiveCfg = Release|ARM
		{343A0D05-805F-4395-AA71-E97EFC9CCBB9}.Release|ARM.Build.0 = Release|ARM
		{343A0D05-805F-4395-AA71-E97EFC9CCBB9}.Release|ARM.Deploy.0 = Release|ARM
		{343A0D05-805F-4395-AA71-E97EFC9CCBB9}.Release|iPhone.ActiveCfg = Release|x86
		{343A0D05-805F-4395-AA71-E97EFC9CCBB9}.Release|iPhoneSimulator.ActiveCfg = Release|x86
		{343A0D05-805F-4395-AA71-E97EFC9CCBB9}.Release|x64.ActiveCfg = Release|x64
		{343A0D05-805F-4395-AA71-E97EFC9CCBB9}.Release|x64.Build.0 = Release|x64
		{343A0D05-805F-4395-AA71-E97EFC9CCBB9}.Release|x64.Deploy.0 = Release|x64
		{343A0D05-805F-4395-AA71-E97EFC9CCBB9}.Release|x86.ActiveCfg = Release|x86
		{343A0D05-805F-4395-AA71-E97EFC9CCBB9}.Release|x86.Build.0 = Release|x86
		{343A0D05-805F-4395-AA71-E97EFC9CCBB9}.Release|x86.Deploy.0 = Release|x86
		{AD982C09-51BF-41D4-AF97-56D8F0C4ECCF}.Ad-Hoc|Any CPU.ActiveCfg = Ad-Hoc|iPhoneSimulator
		{AD982C09-51BF-41D4-AF97-56D8F0C4ECCF}.Ad-Hoc|ARM.ActiveCfg = Ad-Hoc|iPhone
		{AD982C09-51BF-41D4-AF97-56D8F0C4ECCF}.Ad-Hoc|iPhone.ActiveCfg = Ad-Hoc|iPhone
		{AD982C09-51BF-41D4-AF97-56D8F0C4ECCF}.Ad-Hoc|iPhone.Build.0 = Ad-Hoc|iPhone
		{AD982C09-51BF-41D4-AF97-56D8F0C4ECCF}.Ad-Hoc|iPhoneSimulator.ActiveCfg = Ad-Hoc|iPhoneSimulator
		{AD982C09-51BF-41D4-AF97-56D8F0C4ECCF}.Ad-Hoc|iPhoneSimulator.Build.0 = Ad-Hoc|iPhoneSimulator
		{AD982C09-51BF-41D4-AF97-56D8F0C4ECCF}.Ad-Hoc|x64.ActiveCfg = Ad-Hoc|iPhone
		{AD982C09-51BF-41D4-AF97-56D8F0C4ECCF}.Ad-Hoc|x86.ActiveCfg = Ad-Hoc|iPhone
		{AD982C09-51BF-41D4-AF97-56D8F0C4ECCF}.AppStore|Any CPU.ActiveCfg = AppStore|iPhoneSimulator
		{AD982C09-51BF-41D4-AF97-56D8F0C4ECCF}.AppStore|ARM.ActiveCfg = AppStore|iPhone
		{AD982C09-51BF-41D4-AF97-56D8F0C4ECCF}.AppStore|iPhone.ActiveCfg = AppStore|iPhone
		{AD982C09-51BF-41D4-AF97-56D8F0C4ECCF}.AppStore|iPhone.Build.0 = AppStore|iPhone
		{AD982C09-51BF-41D4-AF97-56D8F0C4ECCF}.AppStore|iPhoneSimulator.ActiveCfg = AppStore|iPhoneSimulator
		{AD982C09-51BF-41D4-AF97-56D8F0C4ECCF}.AppStore|iPhoneSimulator.Build.0 = AppStore|iPhoneSimulator
		{AD982C09-51BF-41D4-AF97-56D8F0C4ECCF}.AppStore|x64.ActiveCfg = AppStore|iPhone
		{AD982C09-51BF-41D4-AF97-56D8F0C4ECCF}.AppStore|x86.ActiveCfg = AppStore|iPhone
		{AD982C09-51BF-41D4-AF97-56D8F0C4ECCF}.Debug|Any CPU.ActiveCfg = Debug|iPhoneSimulator
		{AD982C09-51BF-41D4-AF97-56D8F0C4ECCF}.Debug|ARM.ActiveCfg = Debug|iPhone
		{AD982C09-51BF-41D4-AF97-56D8F0C4ECCF}.Debug|iPhone.ActiveCfg = Debug|iPhone
		{AD982C09-51BF-41D4-AF97-56D8F0C4ECCF}.Debug|iPhone.Build.0 = Debug|iPhone
		{AD982C09-51BF-41D4-AF97-56D8F0C4ECCF}.Debug|iPhoneSimulator.ActiveCfg = Debug|iPhoneSimulator
		{AD982C09-51BF-41D4-AF97-56D8F0C4ECCF}.Debug|iPhoneSimulator.Build.0 = Debug|iPhoneSimulator
		{AD982C09-51BF-41D4-AF97-56D8F0C4ECCF}.Debug|x64.ActiveCfg = Debug|iPhone
		{AD982C09-51BF-41D4-AF97-56D8F0C4ECCF}.Debug|x86.ActiveCfg = Debug|iPhone
		{AD982C09-51BF-41D4-AF97-56D8F0C4ECCF}.Release|Any CPU.ActiveCfg = Release|iPhoneSimulator
		{AD982C09-51BF-41D4-AF97-56D8F0C4ECCF}.Release|ARM.ActiveCfg = Release|iPhone
		{AD982C09-51BF-41D4-AF97-56D8F0C4ECCF}.Release|iPhone.ActiveCfg = Release|iPhone
		{AD982C09-51BF-41D4-AF97-56D8F0C4ECCF}.Release|iPhone.Build.0 = Release|iPhone
		{AD982C09-51BF-41D4-AF97-56D8F0C4ECCF}.Release|iPhoneSimulator.ActiveCfg = Release|iPhoneSimulator
		{AD982C09-51BF-41D4-AF97-56D8F0C4ECCF}.Release|iPhoneSimulator.Build.0 = Release|iPhoneSimulator
		{AD982C09-51BF-41D4-AF97-56D8F0C4ECCF}.Release|x64.ActiveCfg = Release|iPhone
		{AD982C09-51BF-41D4-AF97-56D8F0C4ECCF}.Release|x86.ActiveCfg = Release|iPhone
	EndGlobalSection
	GlobalSection(SolutionProperties) = preSolution
		HideSolutionNode = FALSE
	EndGlobalSection
	GlobalSection(ExtensibilityGlobals) = postSolution
		SolutionGuid = {24031141-7FF5-4D72-BAD1-AC6830C7B81D}
	EndGlobalSection
EndGlobal
